{
    "_readme": [
        "This file locks the dependencies of your project to a known state",
        "Read more about it at https://getcomposer.org/doc/01-basic-usage.md#installing-dependencies",
        "This file is @generated automatically"
    ],
    "content-hash": "0391f37dde7b1546359743429c053bda",
    "packages": [
        {
            "name": "fukuball/jieba-php",
            "version": "dev-master",
            "source": {
                "type": "git",
                "url": "https://gitee.com/RandolfJay/jieba-php.git",
                "reference": "8a1653678813ae51b88360ca7c5a88053624af60"
            },
            "dist": {
                "type": "zip",
                "url": "https://api.github.com/repos/fukuball/jieba-php/zipball/8a1653678813ae51b88360ca7c5a88053624af60",
                "reference": "8a1653678813ae51b88360ca7c5a88053624af60",
                "shasum": "",
                "mirrors": [
                    {
                        "url": "https://mirrors.aliyun.com/composer/dists/%package%/%reference%.%type%",
                        "preferred": true
                    }
                ]
            },
            "require": {
                "php": ">= 5.3"
            },
            "require-dev": {
                "phpunit/phpunit": "~5.7|~6.0",
                "satooshi/php-coveralls": "dev-master",
                "squizlabs/php_codesniffer": "1.5.6"
            },
            "type": "library",
            "autoload": {
                "files": [
                    "src/class/Jieba.php",
                    "src/class/JiebaAnalyse.php",
                    "src/class/Finalseg.php",
                    "src/class/Posseg.php",
                    "src/vendor/multi-array/MultiArray.php",
                    "src/vendor/multi-array/Factory/MultiArrayFactory.php"
                ]
            },
            "notification-url": "https://packagist.org/downloads/",
            "license": [
                "MIT"
            ],
            "authors": [
                {
                    "name": "fukuball",
                    "email": "fukuball@gmail.com"
                }
            ],
            "description": "結巴中文分詞（PHP 版本）：做最好的 PHP 中文分詞、中文斷詞組件",
            "keywords": [
                "Jieba",
                "php"
            ],
            "time": "2020-12-23T09:25:51+00:00"
        }
    ],
    "packages-dev": [],
    "aliases": [],
    "minimum-stability": "stable",
    "stability-flags": {
        "fukuball/jieba-php": 20
    },
    "prefer-stable": false,
    "prefer-lowest": false,
    "platform": [],
    "platform-dev": []
}
